
Microsoft Visual Studio Solution File, Format Version 12.00
# Visual Studio Version 16
VisualStudioVersion = 16.0.31729.503
MinimumVisualStudioVersion = 10.0.40219.1
Project("{FAE04EC0-301F-11D3-BF4B-00C04F79EFBC}") = "Hotels", "Hotels\Hotels.csproj", "{421D8035-4355-492A-AFBC-0480B401F0CC}"
EndProject
Global
	GlobalSection(SolutionConfigurationPlatforms) = preSolution
		Debug|Any CPU = Debug|Any CPU
		Release|Any CPU = Release|Any CPU
	EndGlobalSection
	GlobalSection(ProjectConfigurationPlatforms) = postSolution
		{421D8035-4355-492A-AFBC-0480B401F0CC}.Debug|Any CPU.ActiveCfg = Debug|Any CPU
		{421D8035-4355-492A-AFBC-0480B401F0CC}.Debug|Any CPU.Build.0 = Debug|Any CPU
		{421D8035-4355-492A-AFBC-0480B401F0CC}.Release|Any CPU.ActiveCfg = Release|Any CPU
		{421D8035-4355-492A-AFBC-0480B401F0CC}.Release|Any CPU.Build.0 = Release|Any CPU
	EndGlobalSection
	GlobalSection(SolutionProperties) = preSolution
		HideSolutionNode = FALSE
	EndGlobalSection
	GlobalSection(ExtensibilityGlobals) = postSolution
		SolutionGuid = {5180ACC9-CED1-44F8-A406-718CEE674C2F}
	EndGlobalSection
EndGlobal
